dependencies:
  chill-sam/ssd1306:
    component_hash: 6be33faa92d913d198ef61f70d58708c4cebd5c93e74cf3e2a43446877cf04f6
    dependencies:
    - name: idf
      require: private
      version: '>=5.3'
    source:
      registry_url: https://components.espressif.com/
      type: service
    targets:
    - esp32
    - esp32s2
    - esp32s3
    - esp32c3
    version: 1.1.2
  idf:
    source:
      type: idf
    version: 6.0.2
direct_dependencies:
- chill-sam/ssd1306
- idf
manifest_hash: 67e0314cd1cd35d478ad7656e97204aeb5f0d2a048769ada79634dfda838a70e
target: esp32
version: 3.0.0
